
Microsoft Visual Studio Solution File, Format Version 12.00
# Visual Studio Version 17
VisualStudioVersion = 17.0.31903.59
MinimumVisualStudioVersion = 10.0.40219.1
Project("{FAE04EC0-301F-11D3-BF4B-00C04F79EFBC}") = "Algorithms", "Algorithms\Algorithms.csproj", "{DBE7273E-CE93-4736-97AA-76D387C90A2C}"
EndProject
Project("{FAE04EC0-301F-11D3-BF4B-00C04F79EFBC}") = "Algorithms.Tests", "Algorithms.Tests\Algorithms.Tests.csproj", "{D5449E71-C6CC-4D6A-81A6-FA13FA94E835}"
EndProject
Project("{FAE04EC0-301F-11D3-BF4B-00C04F79EFBC}") = "DataStructures", "DataStructures\DataStructures.csproj", "{16B923A9-017F-4806-AF12-71986FB37AE9}"
EndProject
Project("{FAE04EC0-301F-11D3-BF4B-00C04F79EFBC}") = "DataStructures.Tests", "DataStructures.Tests\DataStructures.Tests.csproj", "{1B70A7BE-522C-45C6-AB60-C48739B3C8C6}"
EndProject
Global
	GlobalSection(SolutionConfigurationPlatforms) = preSolution
		Debug|Any CPU = Debug|Any CPU
		Debug|x64 = Debug|x64
		Debug|x86 = Debug|x86
		Release|Any CPU = Release|Any CPU
		Release|x64 = Release|x64
		Release|x86 = Release|x86
	EndGlobalSection
	GlobalSection(ProjectConfigurationPlatforms) = postSolution
		{DBE7273E-CE93-4736-97AA-76D387C90A2C}.Debug|Any CPU.ActiveCfg = Debug|Any CPU
		{DBE7273E-CE93-4736-97AA-76D387C90A2C}.Debug|Any CPU.Build.0 = Debug|Any CPU
		{DBE7273E-CE93-4736-97AA-76D387C90A2C}.Debug|x64.ActiveCfg = Debug|Any CPU
		{DBE7273E-CE93-4736-97AA-76D387C90A2C}.Debug|x64.Build.0 = Debug|Any CPU
		{DBE7273E-CE93-4736-97AA-76D387C90A2C}.Debug|x86.ActiveCfg = Debug|Any CPU
		{DBE7273E-CE93-4736-97AA-76D387C90A2C}.Debug|x86.Build.0 = Debug|Any CPU
		{DBE7273E-CE93-4736-97AA-76D387C90A2C}.Release|Any CPU.ActiveCfg = Release|Any CPU
		{DBE7273E-CE93-4736-97AA-76D387C90A2C}.Release|Any CPU.Build.0 = Release|Any CPU
		{DBE7273E-CE93-4736-97AA-76D387C90A2C}.Release|x64.ActiveCfg = Release|Any CPU
		{DBE7273E-CE93-4736-97AA-76D387C90A2C}.Release|x64.Build.0 = Release|Any CPU
		{DBE7273E-CE93-4736-97AA-76D387C90A2C}.Release|x86.ActiveCfg = Release|Any CPU
		{DBE7273E-CE93-4736-97AA-76D387C90A2C}.Release|x86.Build.0 = Release|Any CPU
		{D5449E71-C6CC-4D6A-81A6-FA13FA94E835}.Debug|Any CPU.ActiveCfg = Debug|Any CPU
		{D5449E71-C6CC-4D6A-81A6-FA13FA94E835}.Debug|Any CPU.Build.0 = Debug|Any CPU
		{D5449E71-C6CC-4D6A-81A6-FA13FA94E835}.Debug|x64.ActiveCfg = Debug|Any CPU
		{D5449E71-C6CC-4D6A-81A6-FA13FA94E835}.Debug|x64.Build.0 = Debug|Any CPU
		{D5449E71-C6CC-4D6A-81A6-FA13FA94E835}.Debug|x86.ActiveCfg = Debug|Any CPU
		{D5449E71-C6CC-4D6A-81A6-FA13FA94E835}.Debug|x86.Build.0 = Debug|Any CPU
		{D5449E71-C6CC-4D6A-81A6-FA13FA94E835}.Release|Any CPU.ActiveCfg = Release|Any CPU
		{D5449E71-C6CC-4D6A-81A6-FA13FA94E835}.Release|Any CPU.Build.0 = Release|Any CPU
		{D5449E71-C6CC-4D6A-81A6-FA13FA94E835}.Release|x64.ActiveCfg = Release|Any CPU
		{D5449E71-C6CC-4D6A-81A6-FA13FA94E835}.Release|x64.Build.0 = Release|Any CPU
		{D5449E71-C6CC-4D6A-81A6-FA13FA94E835}.Release|x86.ActiveCfg = Release|Any CPU
		{D5449E71-C6CC-4D6A-81A6-FA13FA94E835}.Release|x86.Build.0 = Release|Any CPU
		{16B923A9-017F-4806-AF12-71986FB37AE9}.Debug|Any CPU.ActiveCfg = Debug|Any CPU
		{16B923A9-017F-4806-AF12-71986FB37AE9}.Debug|Any CPU.Build.0 = Debug|Any CPU
		{16B923A9-017F-4806-AF12-71986FB37AE9}.Debug|x64.ActiveCfg = Debug|Any CPU
		{16B923A9-017F-4806-AF12-71986FB37AE9}.Debug|x64.Build.0 = Debug|Any CPU
		{16B923A9-017F-4806-AF12-71986FB37AE9}.Debug|x86.ActiveCfg = Debug|Any CPU
		{16B923A9-017F-4806-AF12-71986FB37AE9}.Debug|x86.Build.0 = Debug|Any CPU
		{16B923A9-017F-4806-AF12-71986FB37AE9}.Release|Any CPU.ActiveCfg = Release|Any CPU
		{16B923A9-017F-4806-AF12-71986FB37AE9}.Release|Any CPU.Build.0 = Release|Any CPU
		{16B923A9-017F-4806-AF12-71986FB37AE9}.Release|x64.ActiveCfg = Release|Any CPU
		{16B923A9-017F-4806-AF12-71986FB37AE9}.Release|x64.Build.0 = Release|Any CPU
		{16B923A9-017F-4806-AF12-71986FB37AE9}.Release|x86.ActiveCfg = Release|Any CPU
		{16B923A9-017F-4806-AF12-71986FB37AE9}.Release|x86.Build.0 = Release|Any CPU
		{1B70A7BE-522C-45C6-AB60-C48739B3C8C6}.Debug|Any CPU.ActiveCfg = Debug|Any CPU
		{1B70A7BE-522C-45C6-AB60-C48739B3C8C6}.Debug|Any CPU.Build.0 = Debug|Any CPU
		{1B70A7BE-522C-45C6-AB60-C48739B3C8C6}.Debug|x64.ActiveCfg = Debug|Any CPU
		{1B70A7BE-522C-45C6-AB60-C48739B3C8C6}.Debug|x64.Build.0 = Debug|Any CPU
		{1B70A7BE-522C-45C6-AB60-C48739B3C8C6}.Debug|x86.ActiveCfg = Debug|Any CPU
		{1B70A7BE-522C-45C6-AB60-C48739B3C8C6}.Debug|x86.Build.0 = Debug|Any CPU
		{1B70A7BE-522C-45C6-AB60-C48739B3C8C6}.Release|Any CPU.ActiveCfg = Release|Any CPU
		{1B70A7BE-522C-45C6-AB60-C48739B3C8C6}.Release|Any CPU.Build.0 = Release|Any CPU
		{1B70A7BE-522C-45C6-AB60-C48739B3C8C6}.Release|x64.ActiveCfg = Release|Any CPU
		{1B70A7BE-522C-45C6-AB60-C48739B3C8C6}.Release|x64.Build.0 = Release|Any CPU
		{1B70A7BE-522C-45C6-AB60-C48739B3C8C6}.Release|x86.ActiveCfg = Release|Any CPU
		{1B70A7BE-522C-45C6-AB60-C48739B3C8C6}.Release|x86.Build.0 = Release|Any CPU
	EndGlobalSection
	GlobalSection(SolutionProperties) = preSolution
		HideSolutionNode = FALSE
	EndGlobalSection
EndGlobal
